
Microsoft Visual Studio Solution File, Format Version 12.00
# Visual Studio Version 17
VisualStudioVersion = 17.0.31903.59
MinimumVisualStudioVersion = 10.0.40219.1
Project("{FAE04EC0-301F-11D3-BF4B-00C04F79EFBC}") = "AspNetCore.ApacheKafka.Core", "AspNetCore.ApacheKafka.Core\AspNetCore.ApacheKafka.Core.csproj", "{8D45E427-39D0-434C-9C0A-CF7F7A24965D}"
EndProject
Project("{FAE04EC0-301F-11D3-BF4B-00C04F79EFBC}") = "AspNetCore.ApacheKafka.WebAPI", "AspNetCore.ApacheKafka.WebAPI\AspNetCore.ApacheKafka.WebAPI.csproj", "{66B3D5E0-3085-44E7-85FE-FD5167265627}"
EndProject
Global
	GlobalSection(SolutionConfigurationPlatforms) = preSolution
		Debug|Any CPU = Debug|Any CPU
		Release|Any CPU = Release|Any CPU
	EndGlobalSection
	GlobalSection(SolutionProperties) = preSolution
		HideSolutionNode = FALSE
	EndGlobalSection
	GlobalSection(ProjectConfigurationPlatforms) = postSolution
		{8D45E427-39D0-434C-9C0A-CF7F7A24965D}.Debug|Any CPU.ActiveCfg = Debug|Any CPU
		{8D45E427-39D0-434C-9C0A-CF7F7A24965D}.Debug|Any CPU.Build.0 = Debug|Any CPU
		{8D45E427-39D0-434C-9C0A-CF7F7A24965D}.Release|Any CPU.ActiveCfg = Release|Any CPU
		{8D45E427-39D0-434C-9C0A-CF7F7A24965D}.Release|Any CPU.Build.0 = Release|Any CPU
		{66B3D5E0-3085-44E7-85FE-FD5167265627}.Debug|Any CPU.ActiveCfg = Debug|Any CPU
		{66B3D5E0-3085-44E7-85FE-FD5167265627}.Debug|Any CPU.Build.0 = Debug|Any CPU
		{66B3D5E0-3085-44E7-85FE-FD5167265627}.Release|Any CPU.ActiveCfg = Release|Any CPU
		{66B3D5E0-3085-44E7-85FE-FD5167265627}.Release|Any CPU.Build.0 = Release|Any CPU
	EndGlobalSection
EndGlobal
